// !$*UTF8*$!
{
	archiveVersion = 1;
	classes = {
	};
	objectVersion = 56;
	objects = {

/* Begin PBXBuildFile section */
		A4F027672B6CB6C7004E9CF1 /* TaskIosApp.swift in Sources */ = {isa = PBXBuildFile; fileRef = A4F027662B6CB6C7004E9CF1 /* TaskIosApp.swift */; };
		A4F027692B6CB6C7004E9CF1 /* ContentView.swift in Sources */ = {isa = PBXBuildFile; fileRef = A4F027682B6CB6C7004E9CF1 /* ContentView.swift */; };
		A4F0276B2B6CB6C9004E9CF1 /* Assets.xcassets in Resources */ = {isa = PBXBuildFile; fileRef = A4F0276A2B6CB6C9004E9CF1 /* Assets.xcassets */; };
		A4F0276E2B6CB6C9004E9CF1 /* Preview Assets.xcassets in Resources */ = {isa = PBXBuildFile; fileRef = A4F0276D2B6CB6C9004E9CF1 /* Preview Assets.xcassets */; };
		A4F027762B6CC3FD004E9CF1 /* FirebaseAnalytics in Frameworks */ = {isa = PBXBuildFile; productRef = A4F027752B6CC3FD004E9CF1 /* FirebaseAnalytics */; };
		A4F027782B6CC3FD004E9CF1 /* FirebaseAnalyticsOnDeviceConversion in Frameworks */ = {isa = PBXBuildFile; productRef = A4F027772B6CC3FD004E9CF1 /* FirebaseAnalyticsOnDeviceConversion */; };
		A4F0277A2B6CC3FD004E9CF1 /* FirebaseAnalyticsSwift in Frameworks */ = {isa = PBXBuildFile; productRef = A4F027792B6CC3FD004E9CF1 /* FirebaseAnalyticsSwift */; };
		A4F0277C2B6CC3FD004E9CF1 /* FirebaseAnalyticsWithoutAdIdSupport in Frameworks */ = {isa = PBXBuildFile; productRef = A4F0277B2B6CC3FD004E9CF1 /* FirebaseAnalyticsWithoutAdIdSupport */; };
		A4F0277E2B6CC3FD004E9CF1 /* FirebaseAppCheck in Frameworks */ = {isa = PBXBuildFile; productRef = A4F0277D2B6CC3FD004E9CF1 /* FirebaseAppCheck */; };
		A4F027802B6CC3FD004E9CF1 /* FirebaseAppDistribution-Beta in Frameworks */ = {isa = PBXBuildFile; productRef = A4F0277F2B6CC3FD004E9CF1 /* FirebaseAppDistribution-Beta */; };
		A4F027822B6CC3FD004E9CF1 /* FirebaseAuth in Frameworks */ = {isa = PBXBuildFile; productRef = A4F027812B6CC3FD004E9CF1 /* FirebaseAuth */; };
		A4F027842B6CC3FD004E9CF1 /* FirebaseAuthCombine-Community in Frameworks */ = {isa = PBXBuildFile; productRef = A4F027832B6CC3FD004E9CF1 /* FirebaseAuthCombine-Community */; };
		A4F027862B6CC3FD004E9CF1 /* FirebaseCrashlytics in Frameworks */ = {isa = PBXBuildFile; productRef = A4F027852B6CC3FD004E9CF1 /* FirebaseCrashlytics */; };
		A4F027882B6CC3FD004E9CF1 /* FirebaseDatabase in Frameworks */ = {isa = PBXBuildFile; productRef = A4F027872B6CC3FD004E9CF1 /* FirebaseDatabase */; };
		A4F0278A2B6CC3FD004E9CF1 /* FirebaseDatabaseSwift in Frameworks */ = {isa = PBXBuildFile; productRef = A4F027892B6CC3FD004E9CF1 /* FirebaseDatabaseSwift */; };
		A4F0278C2B6CC3FD004E9CF1 /* FirebaseDynamicLinks in Frameworks */ = {isa = PBXBuildFile; productRef = A4F0278B2B6CC3FD004E9CF1 /* FirebaseDynamicLinks */; };
		A4F0278E2B6CC3FD004E9CF1 /* FirebaseFirestore in Frameworks */ = {isa = PBXBuildFile; productRef = A4F0278D2B6CC3FD004E9CF1 /* FirebaseFirestore */; };
		A4F027902B6CC3FD004E9CF1 /* FirebaseFirestoreCombine-Community in Frameworks */ = {isa = PBXBuildFile; productRef = A4F0278F2B6CC3FD004E9CF1 /* FirebaseFirestoreCombine-Community */; };
		A4F027922B6CC3FD004E9CF1 /* FirebaseFirestoreSwift in Frameworks */ = {isa = PBXBuildFile; productRef = A4F027912B6CC3FD004E9CF1 /* FirebaseFirestoreSwift */; };
		A4F027942B6CC3FD004E9CF1 /* FirebaseFunctions in Frameworks */ = {isa = PBXBuildFile; productRef = A4F027932B6CC3FD004E9CF1 /* FirebaseFunctions */; };
		A4F027962B6CC3FD004E9CF1 /* FirebaseFunctionsCombine-Community in Frameworks */ = {isa = PBXBuildFile; productRef = A4F027952B6CC3FD004E9CF1 /* FirebaseFunctionsCombine-Community */; };
		A4F027982B6CC3FD004E9CF1 /* FirebaseInAppMessaging-Beta in Frameworks */ = {isa = PBXBuildFile; productRef = A4F027972B6CC3FD004E9CF1 /* FirebaseInAppMessaging-Beta */; };
		A4F0279A2B6CC3FD004E9CF1 /* FirebaseInAppMessagingSwift-Beta in Frameworks */ = {isa = PBXBuildFile; productRef = A4F027992B6CC3FD004E9CF1 /* FirebaseInAppMessagingSwift-Beta */; };
		A4F0279C2B6CC3FD004E9CF1 /* FirebaseInstallations in Frameworks */ = {isa = PBXBuildFile; productRef = A4F0279B2B6CC3FD004E9CF1 /* FirebaseInstallations */; };
		A4F0279E2B6CC3FD004E9CF1 /* FirebaseMLModelDownloader in Frameworks */ = {isa = PBXBuildFile; productRef = A4F0279D2B6CC3FD004E9CF1 /* FirebaseMLModelDownloader */; };
		A4F027A02B6CC3FD004E9CF1 /* FirebaseMessaging in Frameworks */ = {isa = PBXBuildFile; productRef = A4F0279F2B6CC3FD004E9CF1 /* FirebaseMessaging */; };
		A4F027A22B6CC3FD004E9CF1 /* FirebasePerformance in Frameworks */ = {isa = PBXBuildFile; productRef = A4F027A12B6CC3FD004E9CF1 /* FirebasePerformance */; };
		A4F027A42B6CC3FD004E9CF1 /* FirebaseRemoteConfig in Frameworks */ = {isa = PBXBuildFile; productRef = A4F027A32B6CC3FD004E9CF1 /* FirebaseRemoteConfig */; };
		A4F027A62B6CC3FD004E9CF1 /* FirebaseRemoteConfigSwift in Frameworks */ = {isa = PBXBuildFile; productRef = A4F027A52B6CC3FD004E9CF1 /* FirebaseRemoteConfigSwift */; };
		A4F027A82B6CC3FD004E9CF1 /* FirebaseStorage in Frameworks */ = {isa = PBXBuildFile; productRef = A4F027A72B6CC3FD004E9CF1 /* FirebaseStorage */; };
		A4F027AA2B6CC3FD004E9CF1 /* FirebaseStorageCombine-Community in Frameworks */ = {isa = PBXBuildFile; productRef = A4F027A92B6CC3FD004E9CF1 /* FirebaseStorageCombine-Community */; };
		A4F027AC2B6CC5B8004E9CF1 /* GoogleService-Info.plist in Resources */ = {isa = PBXBuildFile; fileRef = A4F027AB2B6CC5B7004E9CF1 /* GoogleService-Info.plist */; };
		A4F027AE2B6CCD2B004E9CF1 /* ListView.swift in Sources */ = {isa = PBXBuildFile; fileRef = A4F027AD2B6CCD2B004E9CF1 /* ListView.swift */; };
		A4F027B02B6CCD71004E9CF1 /* Dog.swift in Sources */ = {isa = PBXBuildFile; fileRef = A4F027AF2B6CCD71004E9CF1 /* Dog.swift */; };
		A4F027B22B6CCEF9004E9CF1 /* DataManager.swift in Sources */ = {isa = PBXBuildFile; fileRef = A4F027B12B6CCEF9004E9CF1 /* DataManager.swift */; };
		A4F027B42B6CD5BA004E9CF1 /* NewDogView.swift in Sources */ = {isa = PBXBuildFile; fileRef = A4F027B32B6CD5BA004E9CF1 /* NewDogView.swift */; };
/* End PBXBuildFile section */

/* Begin PBXFileReference section */
		A4F027632B6CB6C7004E9CF1 /* TaskIos.app */ = {isa = PBXFileReference; explicitFileType = wrapper.application; includeInIndex = 0; path = TaskIos.app; sourceTree = BUILT_PRODUCTS_DIR; };
		A4F027662B6CB6C7004E9CF1 /* TaskIosApp.swift */ = {isa = PBXFileReference; lastKnownFileType = sourcecode.swift; path = TaskIosApp.swift; sourceTree = "<group>"; };
		A4F027682B6CB6C7004E9CF1 /* ContentView.swift */ = {isa = PBXFileReference; lastKnownFileType = sourcecode.swift; path = ContentView.swift; sourceTree = "<group>"; };
		A4F0276A2B6CB6C9004E9CF1 /* Assets.xcassets */ = {isa = PBXFileReference; lastKnownFileType = folder.assetcatalog; path = Assets.xcassets; sourceTree = "<group>"; };
		A4F0276D2B6CB6C9004E9CF1 /* Preview Assets.xcassets */ = {isa = PBXFileReference; lastKnownFileType = folder.assetcatalog; path = "Preview Assets.xcassets"; sourceTree = "<group>"; };
		A4F027AB2B6CC5B7004E9CF1 /* GoogleService-Info.plist */ = {isa = PBXFileReference; fileEncoding = 4; lastKnownFileType = text.plist.xml; path = "GoogleService-Info.plist"; sourceTree = "<group>"; };
		A4F027AD2B6CCD2B004E9CF1 /* ListView.swift */ = {isa = PBXFileReference; lastKnownFileType = sourcecode.swift; path = ListView.swift; sourceTree = "<group>"; };
		A4F027AF2B6CCD71004E9CF1 /* Dog.swift */ = {isa = PBXFileReference; lastKnownFileType = sourcecode.swift; path = Dog.swift; sourceTree = "<group>"; };
		A4F027B12B6CCEF9004E9CF1 /* DataManager.swift */ = {isa = PBXFileReference; lastKnownFileType = sourcecode.swift; path = DataManager.swift; sourceTree = "<group>"; };
		A4F027B32B6CD5BA004E9CF1 /* NewDogView.swift */ = {isa = PBXFileReference; lastKnownFileType = sourcecode.swift; path = NewDogView.swift; sourceTree = "<group>"; };
/* End PBXFileReference section */

/* Begin PBXFrameworksBuildPhase section */
		A4F027602B6CB6C7004E9CF1 /* Frameworks */ = {
			isa = PBXFrameworksBuildPhase;
			buildActionMask = 2147483647;
			files = (
				A4F027882B6CC3FD004E9CF1 /* FirebaseDatabase in Frameworks */,
				A4F027962B6CC3FD004E9CF1 /* FirebaseFunctionsCombine-Community in Frameworks */,
				A4F0278E2B6CC3FD004E9CF1 /* FirebaseFirestore in Frameworks */,
				A4F0277A2B6CC3FD004E9CF1 /* FirebaseAnalyticsSwift in Frameworks */,
				A4F027762B6CC3FD004E9CF1 /* FirebaseAnalytics in Frameworks */,
				A4F027782B6CC3FD004E9CF1 /* FirebaseAnalyticsOnDeviceConversion in Frameworks */,
				A4F0279E2B6CC3FD004E9CF1 /* FirebaseMLModelDownloader in Frameworks */,
				A4F027922B6CC3FD004E9CF1 /* FirebaseFirestoreSwift in Frameworks */,
				A4F0277E2B6CC3FD004E9CF1 /* FirebaseAppCheck in Frameworks */,
				A4F0277C2B6CC3FD004E9CF1 /* FirebaseAnalyticsWithoutAdIdSupport in Frameworks */,
				A4F027822B6CC3FD004E9CF1 /* FirebaseAuth in Frameworks */,
				A4F027862B6CC3FD004E9CF1 /* FirebaseCrashlytics in Frameworks */,
				A4F027A62B6CC3FD004E9CF1 /* FirebaseRemoteConfigSwift in Frameworks */,
				A4F027982B6CC3FD004E9CF1 /* FirebaseInAppMessaging-Beta in Frameworks */,
				A4F0278A2B6CC3FD004E9CF1 /* FirebaseDatabaseSwift in Frameworks */,
				A4F027942B6CC3FD004E9CF1 /* FirebaseFunctions in Frameworks */,
				A4F027AA2B6CC3FD004E9CF1 /* FirebaseStorageCombine-Community in Frameworks */,
				A4F027A42B6CC3FD004E9CF1 /* FirebaseRemoteConfig in Frameworks */,
				A4F027802B6CC3FD004E9CF1 /* FirebaseAppDistribution-Beta in Frameworks */,
				A4F027842B6CC3FD004E9CF1 /* FirebaseAuthCombine-Community in Frameworks */,
				A4F027A22B6CC3FD004E9CF1 /* FirebasePerformance in Frameworks */,
				A4F0279A2B6CC3FD004E9CF1 /* FirebaseInAppMessagingSwift-Beta in Frameworks */,
				A4F027A82B6CC3FD004E9CF1 /* FirebaseStorage in Frameworks */,
				A4F0278C2B6CC3FD004E9CF1 /* FirebaseDynamicLinks in Frameworks */,
				A4F027902B6CC3FD004E9CF1 /* FirebaseFirestoreCombine-Community in Frameworks */,
				A4F027A02B6CC3FD004E9CF1 /* FirebaseMessaging in Frameworks */,
				A4F0279C2B6CC3FD004E9CF1 /* FirebaseInstallations in Frameworks */,
			);
			runOnlyForDeploymentPostprocessing = 0;
		};
/* End PBXFrameworksBuildPhase section */

/* Begin PBXGroup section */
		A4F0275A2B6CB6C7004E9CF1 = {
			isa = PBXGroup;
			children = (
				A4F027652B6CB6C7004E9CF1 /* TaskIos */,
				A4F027642B6CB6C7004E9CF1 /* Products */,
			);
			sourceTree = "<group>";
		};
		A4F027642B6CB6C7004E9CF1 /* Products */ = {
			isa = PBXGroup;
			children = (
				A4F027632B6CB6C7004E9CF1 /* TaskIos.app */,
			);
			name = Products;
			sourceTree = "<group>";
		};
		A4F027652B6CB6C7004E9CF1 /* TaskIos */ = {
			isa = PBXGroup;
			children = (
				A4F027662B6CB6C7004E9CF1 /* TaskIosApp.swift */,
				A4F027682B6CB6C7004E9CF1 /* ContentView.swift */,
				A4F027AD2B6CCD2B004E9CF1 /* ListView.swift */,
				A4F027B32B6CD5BA004E9CF1 /* NewDogView.swift */,
				A4F027AF2B6CCD71004E9CF1 /* Dog.swift */,
				A4F027B12B6CCEF9004E9CF1 /* DataManager.swift */,
				A4F0276A2B6CB6C9004E9CF1 /* Assets.xcassets */,
				A4F027AB2B6CC5B7004E9CF1 /* GoogleService-Info.plist */,
				A4F0276C2B6CB6C9004E9CF1 /* Preview Content */,
			);
			path = TaskIos;
			sourceTree = "<group>";
		};
		A4F0276C2B6CB6C9004E9CF1 /* Preview Content */ = {
			isa = PBXGroup;
			children = (
				A4F0276D2B6CB6C9004E9CF1 /* Preview Assets.xcassets */,
			);
			path = "Preview Content";
			sourceTree = "<group>";
		};
/* End PBXGroup section */

/* Begin PBXNativeTarget section */
		A4F027622B6CB6C7004E9CF1 /* TaskIos */ = {
			isa = PBXNativeTarget;
			buildConfigurationList = A4F027712B6CB6C9004E9CF1 /* Build configuration list for PBXNativeTarget "TaskIos" */;
			buildPhases = (
				A4F0275F2B6CB6C7004E9CF1 /* Sources */,
				A4F027602B6CB6C7004E9CF1 /* Frameworks */,
				A4F027612B6CB6C7004E9CF1 /* Resources */,
			);
			buildRules = (
			);
			dependencies = (
			);
			name = TaskIos;
			packageProductDependencies = (
				A4F027752B6CC3FD004E9CF1 /* FirebaseAnalytics */,
				A4F027772B6CC3FD004E9CF1 /* FirebaseAnalyticsOnDeviceConversion */,
				A4F027792B6CC3FD004E9CF1 /* FirebaseAnalyticsSwift */,
				A4F0277B2B6CC3FD004E9CF1 /* FirebaseAnalyticsWithoutAdIdSupport */,
				A4F0277D2B6CC3FD004E9CF1 /* FirebaseAppCheck */,
				A4F0277F2B6CC3FD004E9CF1 /* FirebaseAppDistribution-Beta */,
				A4F027812B6CC3FD004E9CF1 /* FirebaseAuth */,
				A4F027832B6CC3FD004E9CF1 /* FirebaseAuthCombine-Community */,
				A4F027852B6CC3FD004E9CF1 /* FirebaseCrashlytics */,
				A4F027872B6CC3FD004E9CF1 /* FirebaseDatabase */,
				A4F027892B6CC3FD004E9CF1 /* FirebaseDatabaseSwift */,
				A4F0278B2B6CC3FD004E9CF1 /* FirebaseDynamicLinks */,
				A4F0278D2B6CC3FD004E9CF1 /* FirebaseFirestore */,
				A4F0278F2B6CC3FD004E9CF1 /* FirebaseFirestoreCombine-Community */,
				A4F027912B6CC3FD004E9CF1 /* FirebaseFirestoreSwift */,
				A4F027932B6CC3FD004E9CF1 /* FirebaseFunctions */,
				A4F027952B6CC3FD004E9CF1 /* FirebaseFunctionsCombine-Community */,
				A4F027972B6CC3FD004E9CF1 /* FirebaseInAppMessaging-Beta */,
				A4F027992B6CC3FD004E9CF1 /* FirebaseInAppMessagingSwift-Beta */,
				A4F0279B2B6CC3FD004E9CF1 /* FirebaseInstallations */,
				A4F0279D2B6CC3FD004E9CF1 /* FirebaseMLModelDownloader */,
				A4F0279F2B6CC3FD004E9CF1 /* FirebaseMessaging */,
				A4F027A12B6CC3FD004E9CF1 /* FirebasePerformance */,
				A4F027A32B6CC3FD004E9CF1 /* FirebaseRemoteConfig */,
				A4F027A52B6CC3FD004E9CF1 /* FirebaseRemoteConfigSwift */,
				A4F027A72B6CC3FD004E9CF1 /* FirebaseStorage */,
				A4F027A92B6CC3FD004E9CF1 /* FirebaseStorageCombine-Community */,
			);
			productName = TaskIos;
			productReference = A4F027632B6CB6C7004E9CF1 /* TaskIos.app */;
			productType = "com.apple.product-type.application";
		};
/* End PBXNativeTarget section */

/* Begin PBXProject section */
		A4F0275B2B6CB6C7004E9CF1 /* Project object */ = {
			isa = PBXProject;
			attributes = {
				BuildIndependentTargetsInParallel = 1;
				LastSwiftUpdateCheck = 1520;
				LastUpgradeCheck = 1520;
				TargetAttributes = {
					A4F027622B6CB6C7004E9CF1 = {
						CreatedOnToolsVersion = 15.2;
					};
				};
			};
			buildConfigurationList = A4F0275E2B6CB6C7004E9CF1 /* Build configuration list for PBXProject "TaskIos" */;
			compatibilityVersion = "Xcode 14.0";
			developmentRegion = en;
			hasScannedForEncodings = 0;
			knownRegions = (
				en,
				Base,
			);
			mainGroup = A4F0275A2B6CB6C7004E9CF1;
			packageReferences = (
				A4F027742B6CC3FD004E9CF1 /* XCRemoteSwiftPackageReference "firebase-ios-sdk" */,
			);
			productRefGroup = A4F027642B6CB6C7004E9CF1 /* Products */;
			projectDirPath = "";
			projectRoot = "";
			targets = (
				A4F027622B6CB6C7004E9CF1 /* TaskIos */,
			);
		};
/* End PBXProject section */

/* Begin PBXResourcesBuildPhase section */
		A4F027612B6CB6C7004E9CF1 /* Resources */ = {
			isa = PBXResourcesBuildPhase;
			buildActionMask = 2147483647;
			files = (
				A4F0276E2B6CB6C9004E9CF1 /* Preview Assets.xcassets in Resources */,
				A4F0276B2B6CB6C9004E9CF1 /* Assets.xcassets in Resources */,
				A4F027AC2B6CC5B8004E9CF1 /* GoogleService-Info.plist in Resources */,
			);
			runOnlyForDeploymentPostprocessing = 0;
		};
/* End PBXResourcesBuildPhase section */

/* Begin PBXSourcesBuildPhase section */
		A4F0275F2B6CB6C7004E9CF1 /* Sources */ = {
			isa = PBXSourcesBuildPhase;
			buildActionMask = 2147483647;
			files = (
				A4F027B42B6CD5BA004E9CF1 /* NewDogView.swift in Sources */,
				A4F027692B6CB6C7004E9CF1 /* ContentView.swift in Sources */,
				A4F027B22B6CCEF9004E9CF1 /* DataManager.swift in Sources */,
				A4F027672B6CB6C7004E9CF1 /* TaskIosApp.swift in Sources */,
				A4F027B02B6CCD71004E9CF1 /* Dog.swift in Sources */,
				A4F027AE2B6CCD2B004E9CF1 /* ListView.swift in Sources */,
			);
			runOnlyForDeploymentPostprocessing = 0;
		};
/* End PBXSourcesBuildPhase section */

/* Begin XCBuildConfiguration section */
		A4F0276F2B6CB6C9004E9CF1 /* Debug */ = {
			isa = XCBuildConfiguration;
			buildSettings = {
				ALWAYS_SEARCH_USER_PATHS = NO;
				ASSETCATALOG_COMPILER_GENERATE_SWIFT_ASSET_SYMBOL_EXTENSIONS = YES;
				CLANG_ANALYZER_NONNULL = YES;
				CLANG_ANALYZER_NUMBER_OBJECT_CONVERSION = YES_AGGRESSIVE;
				CLANG_CXX_LANGUAGE_STANDARD = "gnu++20";
				CLANG_ENABLE_MODULES = YES;
				CLANG_ENABLE_OBJC_ARC = YES;
				CLANG_ENABLE_OBJC_WEAK = YES;
				CLANG_WARN_BLOCK_CAPTURE_AUTORELEASING = YES;
				CLANG_WARN_BOOL_CONVERSION = YES;
				CLANG_WARN_COMMA = YES;
				CLANG_WARN_CONSTANT_CONVERSION = YES;
				CLANG_WARN_DEPRECATED_OBJC_IMPLEMENTATIONS = YES;
				CLANG_WARN_DIRECT_OBJC_ISA_USAGE = YES_ERROR;
				CLANG_WARN_DOCUMENTATION_COMMENTS = YES;
				CLANG_WARN_EMPTY_BODY = YES;
				CLANG_WARN_ENUM_CONVERSION = YES;
				CLANG_WARN_INFINITE_RECURSION = YES;
				CLANG_WARN_INT_CONVERSION = YES;
				CLANG_WARN_NON_LITERAL_NULL_CONVERSION = YES;
				CLANG_WARN_OBJC_IMPLICIT_RETAIN_SELF = YES;
				CLANG_WARN_OBJC_LITERAL_CONVERSION = YES;
				CLANG_WARN_OBJC_ROOT_CLASS = YES_ERROR;
				CLANG_WARN_QUOTED_INCLUDE_IN_FRAMEWORK_HEADER = YES;
				CLANG_WARN_RANGE_LOOP_ANALYSIS = YES;
				CLANG_WARN_STRICT_PROTOTYPES = YES;
				CLANG_WARN_SUSPICIOUS_MOVE = YES;
				CLANG_WARN_UNGUARDED_AVAILABILITY = YES_AGGRESSIVE;
				CLANG_WARN_UNREACHABLE_CODE = YES;
				CLANG_WARN__DUPLICATE_METHOD_MATCH = YES;
				COPY_PHASE_STRIP = NO;
				DEBUG_INFORMATION_FORMAT = dwarf;
				ENABLE_STRICT_OBJC_MSGSEND = YES;
				ENABLE_TESTABILITY = YES;
				ENABLE_USER_SCRIPT_SANDBOXING = YES;
				GCC_C_LANGUAGE_STANDARD = gnu17;
				GCC_DYNAMIC_NO_PIC = NO;
				GCC_NO_COMMON_BLOCKS = YES;
				GCC_OPTIMIZATION_LEVEL = 0;
				GCC_PREPROCESSOR_DEFINITIONS = (
					"DEBUG=1",
					"$(inherited)",
				);
				GCC_WARN_64_TO_32_BIT_CONVERSION = YES;
				GCC_WARN_ABOUT_RETURN_TYPE = YES_ERROR;
				GCC_WARN_UNDECLARED_SELECTOR = YES;
				GCC_WARN_UNINITIALIZED_AUTOS = YES_AGGRESSIVE;
				GCC_WARN_UNUSED_FUNCTION = YES;
				GCC_WARN_UNUSED_VARIABLE = YES;
				IPHONEOS_DEPLOYMENT_TARGET = 17.2;
				LOCALIZATION_PREFERS_STRING_CATALOGS = YES;
				MTL_ENABLE_DEBUG_INFO = INCLUDE_SOURCE;
				MTL_FAST_MATH = YES;
				ONLY_ACTIVE_ARCH = YES;
				SDKROOT = iphoneos;
				SWIFT_ACTIVE_COMPILATION_CONDITIONS = "DEBUG $(inherited)";
				SWIFT_OPTIMIZATION_LEVEL = "-Onone";
			};
			name = Debug;
		};
		A4F027702B6CB6C9004E9CF1 /* Release */ = {
			isa = XCBuildConfiguration;
			buildSettings = {
				ALWAYS_SEARCH_USER_PATHS = NO;
				ASSETCATALOG_COMPILER_GENERATE_SWIFT_ASSET_SYMBOL_EXTENSIONS = YES;
				CLANG_ANALYZER_NONNULL = YES;
				CLANG_ANALYZER_NUMBER_OBJECT_CONVERSION = YES_AGGRESSIVE;
				CLANG_CXX_LANGUAGE_STANDARD = "gnu++20";
				CLANG_ENABLE_MODULES = YES;
				CLANG_ENABLE_OBJC_ARC = YES;
				CLANG_ENABLE_OBJC_WEAK = YES;
				CLANG_WARN_BLOCK_CAPTURE_AUTORELEASING = YES;
				CLANG_WARN_BOOL_CONVERSION = YES;
				CLANG_WARN_COMMA = YES;
				CLANG_WARN_CONSTANT_CONVERSION = YES;
				CLANG_WARN_DEPRECATED_OBJC_IMPLEMENTATIONS = YES;
				CLANG_WARN_DIRECT_OBJC_ISA_USAGE = YES_ERROR;
				CLANG_WARN_DOCUMENTATION_COMMENTS = YES;
				CLANG_WARN_EMPTY_BODY = YES;
				CLANG_WARN_ENUM_CONVERSION = YES;
				CLANG_WARN_INFINITE_RECURSION = YES;
				CLANG_WARN_INT_CONVERSION = YES;
				CLANG_WARN_NON_LITERAL_NULL_CONVERSION = YES;
				CLANG_WARN_OBJC_IMPLICIT_RETAIN_SELF = YES;
				CLANG_WARN_OBJC_LITERAL_CONVERSION = YES;
				CLANG_WARN_OBJC_ROOT_CLASS = YES_ERROR;
				CLANG_WARN_QUOTED_INCLUDE_IN_FRAMEWORK_HEADER = YES;
				CLANG_WARN_RANGE_LOOP_ANALYSIS = YES;
				CLANG_WARN_STRICT_PROTOTYPES = YES;
				CLANG_WARN_SUSPICIOUS_MOVE = YES;
				CLANG_WARN_UNGUARDED_AVAILABILITY = YES_AGGRESSIVE;
				CLANG_WARN_UNREACHABLE_CODE = YES;
				CLANG_WARN__DUPLICATE_METHOD_MATCH = YES;
				COPY_PHASE_STRIP = NO;
				DEBUG_INFORMATION_FORMAT = "dwarf-with-dsym";
				ENABLE_NS_ASSERTIONS = NO;
				ENABLE_STRICT_OBJC_MSGSEND = YES;
				ENABLE_USER_SCRIPT_SANDBOXING = YES;
				GCC_C_LANGUAGE_STANDARD = gnu17;
				GCC_NO_COMMON_BLOCKS = YES;
				GCC_WARN_64_TO_32_BIT_CONVERSION = YES;
				GCC_WARN_ABOUT_RETURN_TYPE = YES_ERROR;
				GCC_WARN_UNDECLARED_SELECTOR = YES;
				GCC_WARN_UNINITIALIZED_AUTOS = YES_AGGRESSIVE;
				GCC_WARN_UNUSED_FUNCTION = YES;
				GCC_WARN_UNUSED_VARIABLE = YES;
				IPHONEOS_DEPLOYMENT_TARGET = 17.2;
				LOCALIZATION_PREFERS_STRING_CATALOGS = YES;
				MTL_ENABLE_DEBUG_INFO = NO;
				MTL_FAST_MATH = YES;
				SDKROOT = iphoneos;
				SWIFT_COMPILATION_MODE = wholemodule;
				VALIDATE_PRODUCT = YES;
			};
			name = Release;
		};
		A4F027722B6CB6C9004E9CF1 /* Debug */ = {
			isa = XCBuildConfiguration;
			buildSettings = {
				ASSETCATALOG_COMPILER_APPICON_NAME = AppIcon;
				ASSETCATALOG_COMPILER_GLOBAL_ACCENT_COLOR_NAME = AccentColor;
				CODE_SIGN_STYLE = Automatic;
				CURRENT_PROJECT_VERSION = 1;
				DEVELOPMENT_ASSET_PATHS = "\"TaskIos/Preview Content\"";
				ENABLE_PREVIEWS = YES;
				GENERATE_INFOPLIST_FILE = YES;
				INFOPLIST_KEY_UIApplicationSceneManifest_Generation = YES;
				INFOPLIST_KEY_UIApplicationSupportsIndirectInputEvents = YES;
				INFOPLIST_KEY_UILaunchScreen_Generation = YES;
				INFOPLIST_KEY_UISupportedInterfaceOrientations_iPad = "UIInterfaceOrientationPortrait UIInterfaceOrientationPortraitUpsideDown UIInterfaceOrientationLandscapeLeft UIInterfaceOrientationLandscapeRight";
				INFOPLIST_KEY_UISupportedInterfaceOrientations_iPhone = "UIInterfaceOrientationPortrait UIInterfaceOrientationLandscapeLeft UIInterfaceOrientationLandscapeRight";
				LD_RUNPATH_SEARCH_PATHS = (
					"$(inherited)",
					"@executable_path/Frameworks",
				);
				MARKETING_VERSION = 1.0;
				PRODUCT_BUNDLE_IDENTIFIER = "com.example.apple-samplecode.TaskIos";
				PRODUCT_NAME = "$(TARGET_NAME)";
				SWIFT_EMIT_LOC_STRINGS = YES;
				SWIFT_VERSION = 5.0;
				TARGETED_DEVICE_FAMILY = "1,2";
			};
			name = Debug;
		};
		A4F027732B6CB6C9004E9CF1 /* Release */ = {
			isa = XCBuildConfiguration;
			buildSettings = {
				ASSETCATALOG_COMPILER_APPICON_NAME = AppIcon;
				ASSETCATALOG_COMPILER_GLOBAL_ACCENT_COLOR_NAME = AccentColor;
				CODE_SIGN_STYLE = Automatic;
				CURRENT_PROJECT_VERSION = 1;
				DEVELOPMENT_ASSET_PATHS = "\"TaskIos/Preview Content\"";
				ENABLE_PREVIEWS = YES;
				GENERATE_INFOPLIST_FILE = YES;
				INFOPLIST_KEY_UIApplicationSceneManifest_Generation = YES;
				INFOPLIST_KEY_UIApplicationSupportsIndirectInputEvents = YES;
				INFOPLIST_KEY_UILaunchScreen_Generation = YES;
				INFOPLIST_KEY_UISupportedInterfaceOrientations_iPad = "UIInterfaceOrientationPortrait UIInterfaceOrientationPortraitUpsideDown UIInterfaceOrientationLandscapeLeft UIInterfaceOrientationLandscapeRight";
				INFOPLIST_KEY_UISupportedInterfaceOrientations_iPhone = "UIInterfaceOrientationPortrait UIInterfaceOrientationLandscapeLeft UIInterfaceOrientationLandscapeRight";
				LD_RUNPATH_SEARCH_PATHS = (
					"$(inherited)",
					"@executable_path/Frameworks",
				);
				MARKETING_VERSION = 1.0;
				PRODUCT_BUNDLE_IDENTIFIER = "com.example.apple-samplecode.TaskIos";
				PRODUCT_NAME = "$(TARGET_NAME)";
				SWIFT_EMIT_LOC_STRINGS = YES;
				SWIFT_VERSION = 5.0;
				TARGETED_DEVICE_FAMILY = "1,2";
			};
			name = Release;
		};
/* End XCBuildConfiguration section */

/* Begin XCConfigurationList section */
		A4F0275E2B6CB6C7004E9CF1 /* Build configuration list for PBXProject "TaskIos" */ = {
			isa = XCConfigurationList;
			buildConfigurations = (
				A4F0276F2B6CB6C9004E9CF1 /* Debug */,
				A4F027702B6CB6C9004E9CF1 /* Release */,
			);
			defaultConfigurationIsVisible = 0;
			defaultConfigurationName = Release;
		};
		A4F027712B6CB6C9004E9CF1 /* Build configuration list for PBXNativeTarget "TaskIos" */ = {
			isa = XCConfigurationList;
			buildConfigurations = (
				A4F027722B6CB6C9004E9CF1 /* Debug */,
				A4F027732B6CB6C9004E9CF1 /* Release */,
			);
			defaultConfigurationIsVisible = 0;
			defaultConfigurationName = Release;
		};
/* End XCConfigurationList section */

/* Begin XCRemoteSwiftPackageReference section */
		A4F027742B6CC3FD004E9CF1 /* XCRemoteSwiftPackageReference "firebase-ios-sdk" */ = {
			isa = XCRemoteSwiftPackageReference;
			repositoryURL = "https://github.com/firebase/firebase-ios-sdk.git";
			requirement = {
				kind = upToNextMajorVersion;
				minimumVersion = 10.20.0;
			};
		};
/* End XCRemoteSwiftPackageReference section */

/* Begin XCSwiftPackageProductDependency section */
		A4F027752B6CC3FD004E9CF1 /* FirebaseAnalytics */ = {
			isa = XCSwiftPackageProductDependency;
			package = A4F027742B6CC3FD004E9CF1 /* XCRemoteSwiftPackageReference "firebase-ios-sdk" */;
			productName = FirebaseAnalytics;
		};
		A4F027772B6CC3FD004E9CF1 /* FirebaseAnalyticsOnDeviceConversion */ = {
			isa = XCSwiftPackageProductDependency;
			package = A4F027742B6CC3FD004E9CF1 /* XCRemoteSwiftPackageReference "firebase-ios-sdk" */;
			productName = FirebaseAnalyticsOnDeviceConversion;
		};
		A4F027792B6CC3FD004E9CF1 /* FirebaseAnalyticsSwift */ = {
			isa = XCSwiftPackageProductDependency;
			package = A4F027742B6CC3FD004E9CF1 /* XCRemoteSwiftPackageReference "firebase-ios-sdk" */;
			productName = FirebaseAnalyticsSwift;
		};
		A4F0277B2B6CC3FD004E9CF1 /* FirebaseAnalyticsWithoutAdIdSupport */ = {
			isa = XCSwiftPackageProductDependency;
			package = A4F027742B6CC3FD004E9CF1 /* XCRemoteSwiftPackageReference "firebase-ios-sdk" */;
			productName = FirebaseAnalyticsWithoutAdIdSupport;
		};
		A4F0277D2B6CC3FD004E9CF1 /* FirebaseAppCheck */ = {
			isa = XCSwiftPackageProductDependency;
			package = A4F027742B6CC3FD004E9CF1 /* XCRemoteSwiftPackageReference "firebase-ios-sdk" */;
			productName = FirebaseAppCheck;
		};
		A4F0277F2B6CC3FD004E9CF1 /* FirebaseAppDistribution-Beta */ = {
			isa = XCSwiftPackageProductDependency;
			package = A4F027742B6CC3FD004E9CF1 /* XCRemoteSwiftPackageReference "firebase-ios-sdk" */;
			productName = "FirebaseAppDistribution-Beta";
		};
		A4F027812B6CC3FD004E9CF1 /* FirebaseAuth */ = {
			isa = XCSwiftPackageProductDependency;
			package = A4F027742B6CC3FD004E9CF1 /* XCRemoteSwiftPackageReference "firebase-ios-sdk" */;
			productName = FirebaseAuth;
		};
		A4F027832B6CC3FD004E9CF1 /* FirebaseAuthCombine-Community */ = {
			isa = XCSwiftPackageProductDependency;
			package = A4F027742B6CC3FD004E9CF1 /* XCRemoteSwiftPackageReference "firebase-ios-sdk" */;
			productName = "FirebaseAuthCombine-Community";
		};
		A4F027852B6CC3FD004E9CF1 /* FirebaseCrashlytics */ = {
			isa = XCSwiftPackageProductDependency;
			package = A4F027742B6CC3FD004E9CF1 /* XCRemoteSwiftPackageReference "firebase-ios-sdk" */;
			productName = FirebaseCrashlytics;
		};
		A4F027872B6CC3FD004E9CF1 /* FirebaseDatabase */ = {
			isa = XCSwiftPackageProductDependency;
			package = A4F027742B6CC3FD004E9CF1 /* XCRemoteSwiftPackageReference "firebase-ios-sdk" */;
			productName = FirebaseDatabase;
		};
		A4F027892B6CC3FD004E9CF1 /* FirebaseDatabaseSwift */ = {
			isa = XCSwiftPackageProductDependency;
			package = A4F027742B6CC3FD004E9CF1 /* XCRemoteSwiftPackageReference "firebase-ios-sdk" */;
			productName = FirebaseDatabaseSwift;
		};
		A4F0278B2B6CC3FD004E9CF1 /* FirebaseDynamicLinks */ = {
			isa = XCSwiftPackageProductDependency;
			package = A4F027742B6CC3FD004E9CF1 /* XCRemoteSwiftPackageReference "firebase-ios-sdk" */;
			productName = FirebaseDynamicLinks;
		};
		A4F0278D2B6CC3FD004E9CF1 /* FirebaseFirestore */ = {
			isa = XCSwiftPackageProductDependency;
			package = A4F027742B6CC3FD004E9CF1 /* XCRemoteSwiftPackageReference "firebase-ios-sdk" */;
			productName = FirebaseFirestore;
		};
		A4F0278F2B6CC3FD004E9CF1 /* FirebaseFirestoreCombine-Community */ = {
			isa = XCSwiftPackageProductDependency;
			package = A4F027742B6CC3FD004E9CF1 /* XCRemoteSwiftPackageReference "firebase-ios-sdk" */;
			productName = "FirebaseFirestoreCombine-Community";
		};
		A4F027912B6CC3FD004E9CF1 /* FirebaseFirestoreSwift */ = {
			isa = XCSwiftPackageProductDependency;
			package = A4F027742B6CC3FD004E9CF1 /* XCRemoteSwiftPackageReference "firebase-ios-sdk" */;
			productName = FirebaseFirestoreSwift;
		};
		A4F027932B6CC3FD004E9CF1 /* FirebaseFunctions */ = {
			isa = XCSwiftPackageProductDependency;
			package = A4F027742B6CC3FD004E9CF1 /* XCRemoteSwiftPackageReference "firebase-ios-sdk" */;
			productName = FirebaseFunctions;
		};
		A4F027952B6CC3FD004E9CF1 /* FirebaseFunctionsCombine-Community */ = {
			isa = XCSwiftPackageProductDependency;
			package = A4F027742B6CC3FD004E9CF1 /* XCRemoteSwiftPackageReference "firebase-ios-sdk" */;
			productName = "FirebaseFunctionsCombine-Community";
		};
		A4F027972B6CC3FD004E9CF1 /* FirebaseInAppMessaging-Beta */ = {
			isa = XCSwiftPackageProductDependency;
			package = A4F027742B6CC3FD004E9CF1 /* XCRemoteSwiftPackageReference "firebase-ios-sdk" */;
			productName = "FirebaseInAppMessaging-Beta";
		};
		A4F027992B6CC3FD004E9CF1 /* FirebaseInAppMessagingSwift-Beta */ = {
			isa = XCSwiftPackageProductDependency;
			package = A4F027742B6CC3FD004E9CF1 /* XCRemoteSwiftPackageReference "firebase-ios-sdk" */;
			productName = "FirebaseInAppMessagingSwift-Beta";
		};
		A4F0279B2B6CC3FD004E9CF1 /* FirebaseInstallations */ = {
			isa = XCSwiftPackageProductDependency;
			package = A4F027742B6CC3FD004E9CF1 /* XCRemoteSwiftPackageReference "firebase-ios-sdk" */;
			productName = FirebaseInstallations;
		};
		A4F0279D2B6CC3FD004E9CF1 /* FirebaseMLModelDownloader */ = {
			isa = XCSwiftPackageProductDependency;
			package = A4F027742B6CC3FD004E9CF1 /* XCRemoteSwiftPackageReference "firebase-ios-sdk" */;
			productName = FirebaseMLModelDownloader;
		};
		A4F0279F2B6CC3FD004E9CF1 /* FirebaseMessaging */ = {
			isa = XCSwiftPackageProductDependency;
			package = A4F027742B6CC3FD004E9CF1 /* XCRemoteSwiftPackageReference "firebase-ios-sdk" */;
			productName = FirebaseMessaging;
		};
		A4F027A12B6CC3FD004E9CF1 /* FirebasePerformance */ = {
			isa = XCSwiftPackageProductDependency;
			package = A4F027742B6CC3FD004E9CF1 /* XCRemoteSwiftPackageReference "firebase-ios-sdk" */;
			productName = FirebasePerformance;
		};
		A4F027A32B6CC3FD004E9CF1 /* FirebaseRemoteConfig */ = {
			isa = XCSwiftPackageProductDependency;
			package = A4F027742B6CC3FD004E9CF1 /* XCRemoteSwiftPackageReference "firebase-ios-sdk" */;
			productName = FirebaseRemoteConfig;
		};
		A4F027A52B6CC3FD004E9CF1 /* FirebaseRemoteConfigSwift */ = {
			isa = XCSwiftPackageProductDependency;
			package = A4F027742B6CC3FD004E9CF1 /* XCRemoteSwiftPackageReference "firebase-ios-sdk" */;
			productName = FirebaseRemoteConfigSwift;
		};
		A4F027A72B6CC3FD004E9CF1 /* FirebaseStorage */ = {
			isa = XCSwiftPackageProductDependency;
			package = A4F027742B6CC3FD004E9CF1 /* XCRemoteSwiftPackageReference "firebase-ios-sdk" */;
			productName = FirebaseStorage;
		};
		A4F027A92B6CC3FD004E9CF1 /* FirebaseStorageCombine-Community */ = {
			isa = XCSwiftPackageProductDependency;
			package = A4F027742B6CC3FD004E9CF1 /* XCRemoteSwiftPackageReference "firebase-ios-sdk" */;
			productName = "FirebaseStorageCombine-Community";
		};
/* End XCSwiftPackageProductDependency section */
	};
	rootObject = A4F0275B2B6CB6C7004E9CF1 /* Project object */;
}
